
Microsoft Visual Studio Solution File, Format Version 12.00
# Visual Studio 15
VisualStudioVersion = 15.0.33026.149
MinimumVisualStudioVersion = 10.0.40219.1
Project("{8BC9CEB8-8B4A-11D0-8D11-00A0C91BC942}") = "01-线性表-数组描述", "1-线性表.vcxproj", "{343372C5-A55E-49CA-8329-0BFF3937650E}"
EndProject
Project("{8BC9CEB8-8B4A-11D0-8D11-00A0C91BC942}") = "02-线性表-链式描述", "..\02-线性表链表描述\02-线性表链表描述.vcxproj", "{D79379D9-AE65-418F-951C-1EF0698675A6}"
EndProject
Global
	GlobalSection(SolutionConfigurationPlatforms) = preSolution
		Debug|x64 = Debug|x64
		Debug|x86 = Debug|x86
		Release|x64 = Release|x64
		Release|x86 = Release|x86
	EndGlobalSection
	GlobalSection(ProjectConfigurationPlatforms) = postSolution
		{343372C5-A55E-49CA-8329-0BFF3937650E}.Debug|x64.ActiveCfg = Debug|x64
		{343372C5-A55E-49CA-8329-0BFF3937650E}.Debug|x64.Build.0 = Debug|x64
		{343372C5-A55E-49CA-8329-0BFF3937650E}.Debug|x86.ActiveCfg = Debug|Win32
		{343372C5-A55E-49CA-8329-0BFF3937650E}.Debug|x86.Build.0 = Debug|Win32
		{343372C5-A55E-49CA-8329-0BFF3937650E}.Release|x64.ActiveCfg = Release|x64
		{343372C5-A55E-49CA-8329-0BFF3937650E}.Release|x64.Build.0 = Release|x64
		{343372C5-A55E-49CA-8329-0BFF3937650E}.Release|x86.ActiveCfg = Release|Win32
		{343372C5-A55E-49CA-8329-0BFF3937650E}.Release|x86.Build.0 = Release|Win32
		{D79379D9-AE65-418F-951C-1EF0698675A6}.Debug|x64.ActiveCfg = Debug|x64
		{D79379D9-AE65-418F-951C-1EF0698675A6}.Debug|x64.Build.0 = Debug|x64
		{D79379D9-AE65-418F-951C-1EF0698675A6}.Debug|x86.ActiveCfg = Debug|Win32
		{D79379D9-AE65-418F-951C-1EF0698675A6}.Debug|x86.Build.0 = Debug|Win32
		{D79379D9-AE65-418F-951C-1EF0698675A6}.Release|x64.ActiveCfg = Release|x64
		{D79379D9-AE65-418F-951C-1EF0698675A6}.Release|x64.Build.0 = Release|x64
		{D79379D9-AE65-418F-951C-1EF0698675A6}.Release|x86.ActiveCfg = Release|Win32
		{D79379D9-AE65-418F-951C-1EF0698675A6}.Release|x86.Build.0 = Release|Win32
	EndGlobalSection
	GlobalSection(SolutionProperties) = preSolution
		HideSolutionNode = FALSE
	EndGlobalSection
	GlobalSection(ExtensibilityGlobals) = postSolution
		SolutionGuid = {009CAA5E-20E4-430E-9C62-10E98E7DDB27}
	EndGlobalSection
EndGlobal
